<?xml version="1.0" encoding="utf-8"?>
<Project ToolsVersion="Current" xmlns="http://schemas.microsoft.com/developer/msbuild/2003">
  <ItemGroup>
    <ClCompile Include="pch.cpp" />
    <ClCompile Include="App.cpp" />
  </ItemGroup>
  <ItemGroup>
    <ClInclude Include="pch.h" />
  </ItemGroup>
  <ItemGroup>
    <Image Include="Assets\Wide310x150Logo.scale-200.png">
      <Filter>Assets</Filter>
    </Image>
    <Image Include="Assets\Square150x150Logo.scale-200.png">
      <Filter>Assets</Filter>
    </Image>
    <Image Include="Assets\Square44x44Logo.targetsize-24_altform-unplated.png">
      <Filter>Assets</Filter>
    </Image>
    <Image Include="Assets\Square44x44Logo.scale-200.png">
      <Filter>Assets</Filter>
    </Image>
    <Image Include="Assets\SplashScreen.scale-200.png">
      <Filter>Assets</Filter>
    </Image>
    <Image Include="Assets\LockScreenLogo.scale-200.png">
      <Filter>Assets</Filter>
    </Image>
    <Image Include="Assets\SmallTile.scale-100.png">
      <Filter>Assets</Filter>
    </Image>
    <Image Include="Assets\SmallTile.scale-125.png">
      <Filter>Assets</Filter>
    </Image>
    <Image Include="Assets\SmallTile.scale-150.png">
      <Filter>Assets</Filter>
    </Image>
    <Image Include="Assets\SmallTile.scale-200.png">
      <Filter>Assets</Filter>
    </Image>
    <Image Include="Assets\SmallTile.scale-400.png">
      <Filter>Assets</Filter>
    </Image>
    <Image Include="Assets\Square150x150Logo.scale-100.png">
      <Filter>Assets</Filter>
    </Image>
    <Image Include="Assets\Square150x150Logo.scale-125.png">
      <Filter>Assets</Filter>
    </Image>
    <Image Include="Assets\Square150x150Logo.scale-150.png">
      <Filter>Assets</Filter>
    </Image>
    <Image Include="Assets\Square150x150Logo.scale-400.png">
      <Filter>Assets</Filter>
    </Image>
    <Image Include="Assets\Wide310x150Logo.scale-100.png">
      <Filter>Assets</Filter>
    </Image>
    <Image Include="Assets\Wide310x150Logo.scale-125.png">
      <Filter>Assets</Filter>
    </Image>
    <Image Include="Assets\Wide310x150Logo.scale-150.png">
      <Filter>Assets</Filter>
    </Image>
    <Image Include="Assets\Wide310x150Logo.scale-400.png">
      <Filter>Assets</Filter>
    </Image>
    <Image Include="Assets\LargeTile.scale-100.png">
      <Filter>Assets</Filter>
    </Image>
    <Image Include="Assets\LargeTile.scale-125.png">
      <Filter>Assets</Filter>
    </Image>
    <Image Include="Assets\LargeTile.scale-150.png">
      <Filter>Assets</Filter>
    </Image>
    <Image Include="Assets\LargeTile.scale-200.png">
      <Filter>Assets</Filter>
    </Image>
    <Image Include="Assets\LargeTile.scale-400.png">
      <Filter>Assets</Filter>
    </Image>
    <Image Include="Assets\Square44x44Logo.scale-100.png">
      <Filter>Assets</Filter>
    </Image>
    <Image Include="Assets\Square44x44Logo.scale-125.png">
      <Filter>Assets</Filter>
    </Image>
    <Image Include="Assets\Square44x44Logo.scale-150.png">
      <Filter>Assets</Filter>
    </Image>
    <Image Include="Assets\Square44x44Logo.scale-400.png">
      <Filter>Assets</Filter>
    </Image>
    <Image Include="Assets\Square44x44Logo.targetsize-16.png">
      <Filter>Assets</Filter>
    </Image>
    <Image Include="Assets\Square44x44Logo.targetsize-24.png">
      <Filter>Assets</Filter>
    </Image>
    <Image Include="Assets\Square44x44Logo.targetsize-32.png">
      <Filter>Assets</Filter>
    </Image>
    <Image Include="Assets\Square44x44Logo.targetsize-48.png">
      <Filter>Assets</Filter>
    </Image>
    <Image Include="Assets\Square44x44Logo.targetsize-256.png">
      <Filter>Assets</Filter>
    </Image>
    <Image Include="Assets\Square44x44Logo.altform-unplated_targetsize-16.png">
      <Filter>Assets</Filter>
    </Image>
    <Image Include="Assets\Square44x44Logo.altform-unplated_targetsize-32.png">
      <Filter>Assets</Filter>
    </Image>
    <Image Include="Assets\Square44x44Logo.altform-unplated_targetsize-48.png">
      <Filter>Assets</Filter>
    </Image>
    <Image Include="Assets\Square44x44Logo.altform-unplated_targetsize-256.png">
      <Filter>Assets</Filter>
    </Image>
    <Image Include="Assets\Square44x44Logo.altform-lightunplated_targetsize-16.png">
      <Filter>Assets</Filter>
    </Image>
    <Image Include="Assets\Square44x44Logo.altform-lightunplated_targetsize-24.png">
      <Filter>Assets</Filter>
    </Image>
    <Image Include="Assets\Square44x44Logo.altform-lightunplated_targetsize-32.png">
      <Filter>Assets</Filter>
    </Image>
    <Image Include="Assets\Square44x44Logo.altform-lightunplated_targetsize-48.png">
      <Filter>Assets</Filter>
    </Image>
    <Image Include="Assets\Square44x44Logo.altform-lightunplated_targetsize-256.png">
      <Filter>Assets</Filter>
    </Image>
    <Image Include="Assets\SplashScreen.scale-100.png">
      <Filter>Assets</Filter>
    </Image>
    <Image Include="Assets\SplashScreen.scale-125.png">
      <Filter>Assets</Filter>
    </Image>
    <Image Include="Assets\SplashScreen.scale-150.png">
      <Filter>Assets</Filter>
    </Image>
    <Image Include="Assets\SplashScreen.scale-400.png">
      <Filter>Assets</Filter>
    </Image>
    <Image Include="Assets\StoreLogo.scale-100.png">
      <Filter>Assets</Filter>
    </Image>
    <Image Include="Assets\StoreLogo.scale-125.png">
      <Filter>Assets</Filter>
    </Image>
    <Image Include="Assets\StoreLogo.scale-150.png">
      <Filter>Assets</Filter>
    </Image>
    <Image Include="Assets\StoreLogo.scale-200.png">
      <Filter>Assets</Filter>
    </Image>
    <Image Include="Assets\StoreLogo.scale-400.png">
      <Filter>Assets</Filter>
    </Image>
  </ItemGroup>
  <ItemGroup>
    <AppxManifest Include="Package.appxmanifest" />
  </ItemGroup>
  <ItemGroup>
    <Filter Include="Assets">
      <UniqueIdentifier>{e48dc53e-40b1-40cb-970a-f89935452892}</UniqueIdentifier>
    </Filter>
  </ItemGroup>
  <ItemGroup>
    <None Include="PropertySheet.props" />
    <None Include="app.config.json" />
  </ItemGroup>
  <ItemGroup>
    <Font Include="Assets\fonts\Roboto_Slab\static\RobotoSlab-Black.ttf" />
    <Font Include="Assets\fonts\Roboto_Slab\static\RobotoSlab-Bold.ttf" />
    <Font Include="Assets\fonts\Roboto_Slab\static\RobotoSlab-ExtraBold.ttf" />
    <Font Include="Assets\fonts\Roboto_Slab\static\RobotoSlab-ExtraLight.ttf" />
    <Font Include="Assets\fonts\Roboto_Slab\static\RobotoSlab-Light.ttf" />
    <Font Include="Assets\fonts\Roboto_Slab\static\RobotoSlab-Medium.ttf" />
    <Font Include="Assets\fonts\Roboto_Slab\static\RobotoSlab-Regular.ttf" />
    <Font Include="Assets\fonts\Roboto_Slab\static\RobotoSlab-SemiBold.ttf" />
    <Font Include="Assets\fonts\Roboto_Slab\static\RobotoSlab-Thin.ttf" />
    <Font Include="Assets\fonts\Roboto\Roboto-Black.ttf" />
    <Font Include="Assets\fonts\Roboto\Roboto-BlackItalic.ttf" />
    <Font Include="Assets\fonts\Roboto\Roboto-Bold.ttf" />
    <Font Include="Assets\fonts\Roboto\Roboto-BoldItalic.ttf" />
    <Font Include="Assets\fonts\Roboto\Roboto-Italic.ttf" />
    <Font Include="Assets\fonts\Roboto\Roboto-Light.ttf" />
    <Font Include="Assets\fonts\Roboto\Roboto-LightItalic.ttf" />
    <Font Include="Assets\fonts\Roboto\Roboto-Medium.ttf" />
    <Font Include="Assets\fonts\Roboto\Roboto-MediumItalic.ttf" />
    <Font Include="Assets\fonts\Roboto\Roboto-Regular.ttf" />
    <Font Include="Assets\fonts\Roboto\Roboto-Thin.ttf" />
    <Font Include="Assets\fonts\Roboto\Roboto-ThinItalic.ttf" />
    <Font Include="Assets\fonts\Poppins\Poppins-Black.ttf" />
    <Font Include="Assets\fonts\Poppins\Poppins-BlackItalic.ttf" />
    <Font Include="Assets\fonts\Poppins\Poppins-Bold.ttf" />
    <Font Include="Assets\fonts\Poppins\Poppins-BoldItalic.ttf" />
    <Font Include="Assets\fonts\Poppins\Poppins-ExtraBold.ttf" />
    <Font Include="Assets\fonts\Poppins\Poppins-ExtraBoldItalic.ttf" />
    <Font Include="Assets\fonts\Poppins\Poppins-ExtraLight.ttf" />
    <Font Include="Assets\fonts\Poppins\Poppins-ExtraLightItalic.ttf" />
    <Font Include="Assets\fonts\Poppins\Poppins-Italic.ttf" />
    <Font Include="Assets\fonts\Poppins\Poppins-Light.ttf" />
    <Font Include="Assets\fonts\Poppins\Poppins-LightItalic.ttf" />
    <Font Include="Assets\fonts\Poppins\Poppins-Medium.ttf" />
    <Font Include="Assets\fonts\Poppins\Poppins-MediumItalic.ttf" />
    <Font Include="Assets\fonts\Poppins\Poppins-Regular.ttf" />
    <Font Include="Assets\fonts\Poppins\Poppins-SemiBold.ttf" />
    <Font Include="Assets\fonts\Poppins\Poppins-SemiBoldItalic.ttf" />
    <Font Include="Assets\fonts\Poppins\Poppins-Thin.ttf" />
    <Font Include="Assets\fonts\Poppins\Poppins-ThinItalic.ttf" />
  </ItemGroup>
  <ItemGroup>
    <Text Include="Assets\fonts\Roboto\LICENSE.txt" />
    <Text Include="Assets\fonts\Poppins\OFL.txt" />
  </ItemGroup>
</Project>